
Microsoft Visual Studio Solution File, Format Version 12.00
# Visual Studio Version 17
VisualStudioVersion = 17.11.35312.102
MinimumVisualStudioVersion = 10.0.40219.1
Project("{FAE04EC0-301F-11D3-BF4B-00C04F79EFBC}") = "code.homework10", "code.homework10\code.homework10.csproj", "{8C4D68B0-557C-462D-8FE5-69F781C03579}"
EndProject
Global
	GlobalSection(SolutionConfigurationPlatforms) = preSolution
		Debug|Any CPU = Debug|Any CPU
		Release|Any CPU = Release|Any CPU
	EndGlobalSection
	GlobalSection(ProjectConfigurationPlatforms) = postSolution
		{8C4D68B0-557C-462D-8FE5-69F781C03579}.Debug|Any CPU.ActiveCfg = Debug|Any CPU
		{8C4D68B0-557C-462D-8FE5-69F781C03579}.Debug|Any CPU.Build.0 = Debug|Any CPU
		{8C4D68B0-557C-462D-8FE5-69F781C03579}.Release|Any CPU.ActiveCfg = Release|Any CPU
		{8C4D68B0-557C-462D-8FE5-69F781C03579}.Release|Any CPU.Build.0 = Release|Any CPU
	EndGlobalSection
	GlobalSection(SolutionProperties) = preSolution
		HideSolutionNode = FALSE
	EndGlobalSection
	GlobalSection(ExtensibilityGlobals) = postSolution
		SolutionGuid = {B191CA7C-F420-405B-9F30-0ADE9E033FA0}
	EndGlobalSection
EndGlobal
